
Microsoft Visual Studio Solution File, Format Version 12.00
# Visual Studio Version 16
VisualStudioVersion = 16.0.32802.440
MinimumVisualStudioVersion = 10.0.40219.1
Project("{FAE04EC0-301F-11D3-BF4B-00C04F79EFBC}") = "DustinShaw_Assignment1", "DustinShaw_Assignment1.csproj", "{55E259CB-77D6-4FBD-85A7-E348F2ECB8DA}"
EndProject
Global
	GlobalSection(SolutionConfigurationPlatforms) = preSolution
		Debug|Any CPU = Debug|Any CPU
		Release|Any CPU = Release|Any CPU
	EndGlobalSection
	GlobalSection(ProjectConfigurationPlatforms) = postSolution
		{55E259CB-77D6-4FBD-85A7-E348F2ECB8DA}.Debug|Any CPU.ActiveCfg = Debug|Any CPU
		{55E259CB-77D6-4FBD-85A7-E348F2ECB8DA}.Debug|Any CPU.Build.0 = Debug|Any CPU
		{55E259CB-77D6-4FBD-85A7-E348F2ECB8DA}.Release|Any CPU.ActiveCfg = Release|Any CPU
		{55E259CB-77D6-4FBD-85A7-E348F2ECB8DA}.Release|Any CPU.Build.0 = Release|Any CPU
	EndGlobalSection
	GlobalSection(SolutionProperties) = preSolution
		HideSolutionNode = FALSE
	EndGlobalSection
	GlobalSection(ExtensibilityGlobals) = postSolution
		SolutionGuid = {4A6B12BA-39D2-4F05-81D7-4C0E6DCC4ECF}
	EndGlobalSection
EndGlobal
