
Microsoft Visual Studio Solution File, Format Version 12.00
# Visual Studio Version 16
VisualStudioVersion = 16.0.32802.440
MinimumVisualStudioVersion = 10.0.40219.1
Project("{FAE04EC0-301F-11D3-BF4B-00C04F79EFBC}") = "DustinShaw_Assignment3", "DustinShaw_Assignment3\DustinShaw_Assignment3.csproj", "{ABFBA4AB-D1C9-4E09-BE28-3CB38A183918}"
EndProject
Global
	GlobalSection(SolutionConfigurationPlatforms) = preSolution
		Debug|Any CPU = Debug|Any CPU
		Release|Any CPU = Release|Any CPU
	EndGlobalSection
	GlobalSection(ProjectConfigurationPlatforms) = postSolution
		{ABFBA4AB-D1C9-4E09-BE28-3CB38A183918}.Debug|Any CPU.ActiveCfg = Debug|Any CPU
		{ABFBA4AB-D1C9-4E09-BE28-3CB38A183918}.Debug|Any CPU.Build.0 = Debug|Any CPU
		{ABFBA4AB-D1C9-4E09-BE28-3CB38A183918}.Release|Any CPU.ActiveCfg = Release|Any CPU
		{ABFBA4AB-D1C9-4E09-BE28-3CB38A183918}.Release|Any CPU.Build.0 = Release|Any CPU
	EndGlobalSection
	GlobalSection(SolutionProperties) = preSolution
		HideSolutionNode = FALSE
	EndGlobalSection
	GlobalSection(ExtensibilityGlobals) = postSolution
		SolutionGuid = {F13B4D60-82F2-4C26-B737-3919BB54D7A2}
	EndGlobalSection
EndGlobal
